{
  "nodes": {
    "nixpkgs": {
      "locked": {
        "lastModified": 1715960640,
        "narHash": "sha256-MRtgjkyGjVdfzaVlES20Ow31vhWaFONa1g6a7sLE5mg=",
        "owner": "NixOS",
        "repo": "nixpkgs",
        "rev": "cb8fa2b758f8b3f5b7dfacf46d877ef1635938ea",
        "type": "github"
      },
      "original": {
        "owner": "NixOS",
        "ref": "staging-next",
        "repo": "nixpkgs",
        "type": "github"
      }
    },
    "root": {
      "inputs": {
        "nixpkgs": "nixpkgs"
      }
    }
  },
  "root": "root",
  "version": 7
}
